
Microsoft Visual Studio Solution File, Format Version 12.00
# Visual Studio Version 17
VisualStudioVersion = 17.14.36212.18 d17.14
MinimumVisualStudioVersion = 10.0.40219.1
Project("{FAE04EC0-301F-11D3-BF4B-00C04F79EFBC}") = "ToDo-List", "ToDo-List\ToDo-List.csproj", "{DF7B17B6-5628-47CD-8F9D-DD4809FF8C96}"
EndProject
Global
	GlobalSection(SolutionConfigurationPlatforms) = preSolution
		Debug|Any CPU = Debug|Any CPU
		Release|Any CPU = Release|Any CPU
	EndGlobalSection
	GlobalSection(ProjectConfigurationPlatforms) = postSolution
		{DF7B17B6-5628-47CD-8F9D-DD4809FF8C96}.Debug|Any CPU.ActiveCfg = Debug|Any CPU
		{DF7B17B6-5628-47CD-8F9D-DD4809FF8C96}.Debug|Any CPU.Build.0 = Debug|Any CPU
		{DF7B17B6-5628-47CD-8F9D-DD4809FF8C96}.Release|Any CPU.ActiveCfg = Release|Any CPU
		{DF7B17B6-5628-47CD-8F9D-DD4809FF8C96}.Release|Any CPU.Build.0 = Release|Any CPU
	EndGlobalSection
	GlobalSection(SolutionProperties) = preSolution
		HideSolutionNode = FALSE
	EndGlobalSection
	GlobalSection(ExtensibilityGlobals) = postSolution
		SolutionGuid = {C7A63664-5B83-4682-B2BE-9F8D26EDAFF2}
	EndGlobalSection
EndGlobal
